
Microsoft Visual Studio Solution File, Format Version 12.00
# Visual Studio Version 17
VisualStudioVersion = 17.1.32228.430
MinimumVisualStudioVersion = 10.0.40219.1
Project("{FAE04EC0-301F-11D3-BF4B-00C04F79EFBC}") = "proje 8 (müzik çalma işlemi)", "proje 8 (müzik çalma işlemi)\proje 8 (müzik çalma işlemi).csproj", "{39B6A5EC-1260-4821-86C8-258F845F9F4B}"
EndProject
Global
	GlobalSection(SolutionConfigurationPlatforms) = preSolution
		Debug|Any CPU = Debug|Any CPU
		Release|Any CPU = Release|Any CPU
	EndGlobalSection
	GlobalSection(ProjectConfigurationPlatforms) = postSolution
		{39B6A5EC-1260-4821-86C8-258F845F9F4B}.Debug|Any CPU.ActiveCfg = Debug|Any CPU
		{39B6A5EC-1260-4821-86C8-258F845F9F4B}.Debug|Any CPU.Build.0 = Debug|Any CPU
		{39B6A5EC-1260-4821-86C8-258F845F9F4B}.Release|Any CPU.ActiveCfg = Release|Any CPU
		{39B6A5EC-1260-4821-86C8-258F845F9F4B}.Release|Any CPU.Build.0 = Release|Any CPU
	EndGlobalSection
	GlobalSection(SolutionProperties) = preSolution
		HideSolutionNode = FALSE
	EndGlobalSection
	GlobalSection(ExtensibilityGlobals) = postSolution
		SolutionGuid = {6E94777C-FAFC-471D-89B6-33E09BB0A938}
	EndGlobalSection
EndGlobal
